
Microsoft Visual Studio Solution File, Format Version 11.00
# Visual Studio 2010
Project("{FAE04EC0-301F-11D3-BF4B-00C04F79EFBC}") = "MayMart.WinFormsWizard", "MayMart.WinFormsWizard.csproj", "{5118AF4F-C7AD-41B6-BB0D-3125F7A208F9}"
EndProject
Global
	GlobalSection(SolutionConfigurationPlatforms) = preSolution
		Debug|Any CPU = Debug|Any CPU
		Release|Any CPU = Release|Any CPU
	EndGlobalSection
	GlobalSection(ProjectConfigurationPlatforms) = postSolution
		{5118AF4F-C7AD-41B6-BB0D-3125F7A208F9}.Debug|Any CPU.ActiveCfg = Debug|Any CPU
		{5118AF4F-C7AD-41B6-BB0D-3125F7A208F9}.Debug|Any CPU.Build.0 = Debug|Any CPU
		{5118AF4F-C7AD-41B6-BB0D-3125F7A208F9}.Release|Any CPU.ActiveCfg = Release|Any CPU
		{5118AF4F-C7AD-41B6-BB0D-3125F7A208F9}.Release|Any CPU.Build.0 = Release|Any CPU
	EndGlobalSection
	GlobalSection(SolutionProperties) = preSolution
		HideSolutionNode = FALSE
	EndGlobalSection
EndGlobal
